// !$*UTF8*$!
{
	archiveVersion = 1;
	classes = {
	};
	objectVersion = 52;
	objects = {

/* Begin PBXBuildFile section */
		5254C47D2693492800218C77 /* TheMoviesApp.swift in Sources */ = {isa = PBXBuildFile; fileRef = 5254C47C2693492800218C77 /* TheMoviesApp.swift */; };
		5254C47F2693492800218C77 /* ContentView.swift in Sources */ = {isa = PBXBuildFile; fileRef = 5254C47E2693492800218C77 /* ContentView.swift */; };
		5254C4812693492B00218C77 /* Assets.xcassets in Resources */ = {isa = PBXBuildFile; fileRef = 5254C4802693492B00218C77 /* Assets.xcassets */; };
		5254C4842693492B00218C77 /* Preview Assets.xcassets in Resources */ = {isa = PBXBuildFile; fileRef = 5254C4832693492B00218C77 /* Preview Assets.xcassets */; };
		5254C49026934B1900218C77 /* HomeTabView.swift in Sources */ = {isa = PBXBuildFile; fileRef = 5254C48F26934B1900218C77 /* HomeTabView.swift */; };
		5254C49226934E1A00218C77 /* SettingsView.swift in Sources */ = {isa = PBXBuildFile; fileRef = 5254C49126934E1A00218C77 /* SettingsView.swift */; };
		5254C494269351A600218C77 /* MoviesView.swift in Sources */ = {isa = PBXBuildFile; fileRef = 5254C493269351A600218C77 /* MoviesView.swift */; };
		5254C496269351D000218C77 /* DiscoverView.swift in Sources */ = {isa = PBXBuildFile; fileRef = 5254C495269351D000218C77 /* DiscoverView.swift */; };
		5254C4982693539900218C77 /* Movie.swift in Sources */ = {isa = PBXBuildFile; fileRef = 5254C4972693539900218C77 /* Movie.swift */; };
		5254C49A269355BE00218C77 /* Cast.swift in Sources */ = {isa = PBXBuildFile; fileRef = 5254C499269355BE00218C77 /* Cast.swift */; };
		5254C49C269356B000218C77 /* Review.swift in Sources */ = {isa = PBXBuildFile; fileRef = 5254C49B269356B000218C77 /* Review.swift */; };
		5254C49F269357C400218C77 /* Alamofire in Frameworks */ = {isa = PBXBuildFile; productRef = 5254C49E269357C400218C77 /* Alamofire */; };
		5254C4A1269357DB00218C77 /* NetworkManager.swift in Sources */ = {isa = PBXBuildFile; fileRef = 5254C4A0269357DB00218C77 /* NetworkManager.swift */; };
		5254C4A32693593200218C77 /* API.swift in Sources */ = {isa = PBXBuildFile; fileRef = 5254C4A22693593200218C77 /* API.swift */; };
		5254C4A52693596D00218C77 /* MovieURL.swift in Sources */ = {isa = PBXBuildFile; fileRef = 5254C4A42693596D00218C77 /* MovieURL.swift */; };
		5254C4A726935B4400218C77 /* MovieDownloadManager.swift in Sources */ = {isa = PBXBuildFile; fileRef = 5254C4A626935B4400218C77 /* MovieDownloadManager.swift */; };
		5254C4A926935DBA00218C77 /* MovieReviewManager.swift in Sources */ = {isa = PBXBuildFile; fileRef = 5254C4A826935DBA00218C77 /* MovieReviewManager.swift */; };
		5254C4AB2693608700218C77 /* ImageLoader.swift in Sources */ = {isa = PBXBuildFile; fileRef = 5254C4AA2693608700218C77 /* ImageLoader.swift */; };
		5254C4AD269360F200218C77 /* ImageCache.swift in Sources */ = {isa = PBXBuildFile; fileRef = 5254C4AC269360F200218C77 /* ImageCache.swift */; };
		5254C4AF2693647300218C77 /* EnvironmentValues+ImageCache.swift in Sources */ = {isa = PBXBuildFile; fileRef = 5254C4AE2693647300218C77 /* EnvironmentValues+ImageCache.swift */; };
		5254C4B12693651600218C77 /* AsyncImage.swift in Sources */ = {isa = PBXBuildFile; fileRef = 5254C4B02693651600218C77 /* AsyncImage.swift */; };
		5254C4B326936C4D00218C77 /* MovieCell.swift in Sources */ = {isa = PBXBuildFile; fileRef = 5254C4B226936C4D00218C77 /* MovieCell.swift */; };
/* End PBXBuildFile section */

/* Begin PBXFileReference section */
		5254C4792693492800218C77 /* TheMovies.app */ = {isa = PBXFileReference; explicitFileType = wrapper.application; includeInIndex = 0; path = TheMovies.app; sourceTree = BUILT_PRODUCTS_DIR; };
		5254C47C2693492800218C77 /* TheMoviesApp.swift */ = {isa = PBXFileReference; lastKnownFileType = sourcecode.swift; path = TheMoviesApp.swift; sourceTree = "<group>"; };
		5254C47E2693492800218C77 /* ContentView.swift */ = {isa = PBXFileReference; lastKnownFileType = sourcecode.swift; path = ContentView.swift; sourceTree = "<group>"; };
		5254C4802693492B00218C77 /* Assets.xcassets */ = {isa = PBXFileReference; lastKnownFileType = folder.assetcatalog; path = Assets.xcassets; sourceTree = "<group>"; };
		5254C4832693492B00218C77 /* Preview Assets.xcassets */ = {isa = PBXFileReference; lastKnownFileType = folder.assetcatalog; path = "Preview Assets.xcassets"; sourceTree = "<group>"; };
		5254C4852693492B00218C77 /* Info.plist */ = {isa = PBXFileReference; lastKnownFileType = text.plist.xml; path = Info.plist; sourceTree = "<group>"; };
		5254C48F26934B1900218C77 /* HomeTabView.swift */ = {isa = PBXFileReference; lastKnownFileType = sourcecode.swift; path = HomeTabView.swift; sourceTree = "<group>"; };
		5254C49126934E1A00218C77 /* SettingsView.swift */ = {isa = PBXFileReference; lastKnownFileType = sourcecode.swift; path = SettingsView.swift; sourceTree = "<group>"; };
		5254C493269351A600218C77 /* MoviesView.swift */ = {isa = PBXFileReference; lastKnownFileType = sourcecode.swift; path = MoviesView.swift; sourceTree = "<group>"; };
		5254C495269351D000218C77 /* DiscoverView.swift */ = {isa = PBXFileReference; lastKnownFileType = sourcecode.swift; path = DiscoverView.swift; sourceTree = "<group>"; };
		5254C4972693539900218C77 /* Movie.swift */ = {isa = PBXFileReference; lastKnownFileType = sourcecode.swift; path = Movie.swift; sourceTree = "<group>"; };
		5254C499269355BE00218C77 /* Cast.swift */ = {isa = PBXFileReference; lastKnownFileType = sourcecode.swift; path = Cast.swift; sourceTree = "<group>"; };
		5254C49B269356B000218C77 /* Review.swift */ = {isa = PBXFileReference; lastKnownFileType = sourcecode.swift; path = Review.swift; sourceTree = "<group>"; };
		5254C4A0269357DB00218C77 /* NetworkManager.swift */ = {isa = PBXFileReference; lastKnownFileType = sourcecode.swift; path = NetworkManager.swift; sourceTree = "<group>"; };
		5254C4A22693593200218C77 /* API.swift */ = {isa = PBXFileReference; lastKnownFileType = sourcecode.swift; path = API.swift; sourceTree = "<group>"; };
		5254C4A42693596D00218C77 /* MovieURL.swift */ = {isa = PBXFileReference; lastKnownFileType = sourcecode.swift; path = MovieURL.swift; sourceTree = "<group>"; };
		5254C4A626935B4400218C77 /* MovieDownloadManager.swift */ = {isa = PBXFileReference; lastKnownFileType = sourcecode.swift; path = MovieDownloadManager.swift; sourceTree = "<group>"; };
		5254C4A826935DBA00218C77 /* MovieReviewManager.swift */ = {isa = PBXFileReference; lastKnownFileType = sourcecode.swift; path = MovieReviewManager.swift; sourceTree = "<group>"; };
		5254C4AA2693608700218C77 /* ImageLoader.swift */ = {isa = PBXFileReference; lastKnownFileType = sourcecode.swift; path = ImageLoader.swift; sourceTree = "<group>"; };
		5254C4AC269360F200218C77 /* ImageCache.swift */ = {isa = PBXFileReference; lastKnownFileType = sourcecode.swift; path = ImageCache.swift; sourceTree = "<group>"; };
		5254C4AE2693647300218C77 /* EnvironmentValues+ImageCache.swift */ = {isa = PBXFileReference; lastKnownFileType = sourcecode.swift; path = "EnvironmentValues+ImageCache.swift"; sourceTree = "<group>"; };
		5254C4B02693651600218C77 /* AsyncImage.swift */ = {isa = PBXFileReference; lastKnownFileType = sourcecode.swift; path = AsyncImage.swift; sourceTree = "<group>"; };
		5254C4B226936C4D00218C77 /* MovieCell.swift */ = {isa = PBXFileReference; lastKnownFileType = sourcecode.swift; path = MovieCell.swift; sourceTree = "<group>"; };
/* End PBXFileReference section */

/* Begin PBXFrameworksBuildPhase section */
		5254C4762693492800218C77 /* Frameworks */ = {
			isa = PBXFrameworksBuildPhase;
			buildActionMask = 2147483647;
			files = (
				5254C49F269357C400218C77 /* Alamofire in Frameworks */,
			);
			runOnlyForDeploymentPostprocessing = 0;
		};
/* End PBXFrameworksBuildPhase section */

/* Begin PBXGroup section */
		5254C4702693492800218C77 = {
			isa = PBXGroup;
			children = (
				5254C47B2693492800218C77 /* TheMovies */,
				5254C47A2693492800218C77 /* Products */,
			);
			sourceTree = "<group>";
		};
		5254C47A2693492800218C77 /* Products */ = {
			isa = PBXGroup;
			children = (
				5254C4792693492800218C77 /* TheMovies.app */,
			);
			name = Products;
			sourceTree = "<group>";
		};
		5254C47B2693492800218C77 /* TheMovies */ = {
			isa = PBXGroup;
			children = (
				5254C48E26934AB700218C77 /* Views */,
				5254C48D26934AB200218C77 /* Models */,
				5254C48C26934AAB00218C77 /* Networking */,
				5254C48B26934A7F00218C77 /* AsyncImage */,
				5254C47C2693492800218C77 /* TheMoviesApp.swift */,
				5254C47E2693492800218C77 /* ContentView.swift */,
				5254C4802693492B00218C77 /* Assets.xcassets */,
				5254C4852693492B00218C77 /* Info.plist */,
				5254C4822693492B00218C77 /* Preview Content */,
			);
			path = TheMovies;
			sourceTree = "<group>";
		};
		5254C4822693492B00218C77 /* Preview Content */ = {
			isa = PBXGroup;
			children = (
				5254C4832693492B00218C77 /* Preview Assets.xcassets */,
			);
			path = "Preview Content";
			sourceTree = "<group>";
		};
		5254C48B26934A7F00218C77 /* AsyncImage */ = {
			isa = PBXGroup;
			children = (
				5254C4AA2693608700218C77 /* ImageLoader.swift */,
				5254C4AC269360F200218C77 /* ImageCache.swift */,
				5254C4AE2693647300218C77 /* EnvironmentValues+ImageCache.swift */,
				5254C4B02693651600218C77 /* AsyncImage.swift */,
			);
			path = AsyncImage;
			sourceTree = "<group>";
		};
		5254C48C26934AAB00218C77 /* Networking */ = {
			isa = PBXGroup;
			children = (
				5254C4A0269357DB00218C77 /* NetworkManager.swift */,
				5254C4A22693593200218C77 /* API.swift */,
				5254C4A42693596D00218C77 /* MovieURL.swift */,
				5254C4A626935B4400218C77 /* MovieDownloadManager.swift */,
				5254C4A826935DBA00218C77 /* MovieReviewManager.swift */,
			);
			path = Networking;
			sourceTree = "<group>";
		};
		5254C48D26934AB200218C77 /* Models */ = {
			isa = PBXGroup;
			children = (
				5254C4972693539900218C77 /* Movie.swift */,
				5254C499269355BE00218C77 /* Cast.swift */,
				5254C49B269356B000218C77 /* Review.swift */,
			);
			path = Models;
			sourceTree = "<group>";
		};
		5254C48E26934AB700218C77 /* Views */ = {
			isa = PBXGroup;
			children = (
				5254C48F26934B1900218C77 /* HomeTabView.swift */,
				5254C49126934E1A00218C77 /* SettingsView.swift */,
				5254C493269351A600218C77 /* MoviesView.swift */,
				5254C495269351D000218C77 /* DiscoverView.swift */,
				5254C4B226936C4D00218C77 /* MovieCell.swift */,
			);
			path = Views;
			sourceTree = "<group>";
		};
/* End PBXGroup section */

/* Begin PBXNativeTarget section */
		5254C4782693492800218C77 /* TheMovies */ = {
			isa = PBXNativeTarget;
			buildConfigurationList = 5254C4882693492B00218C77 /* Build configuration list for PBXNativeTarget "TheMovies" */;
			buildPhases = (
				5254C4752693492800218C77 /* Sources */,
				5254C4762693492800218C77 /* Frameworks */,
				5254C4772693492800218C77 /* Resources */,
			);
			buildRules = (
			);
			dependencies = (
			);
			name = TheMovies;
			packageProductDependencies = (
				5254C49E269357C400218C77 /* Alamofire */,
			);
			productName = TheMovies;
			productReference = 5254C4792693492800218C77 /* TheMovies.app */;
			productType = "com.apple.product-type.application";
		};
/* End PBXNativeTarget section */

/* Begin PBXProject section */
		5254C4712693492800218C77 /* Project object */ = {
			isa = PBXProject;
			attributes = {
				LastSwiftUpdateCheck = 1250;
				LastUpgradeCheck = 1250;
				TargetAttributes = {
					5254C4782693492800218C77 = {
						CreatedOnToolsVersion = 12.5.1;
					};
				};
			};
			buildConfigurationList = 5254C4742693492800218C77 /* Build configuration list for PBXProject "TheMovies" */;
			compatibilityVersion = "Xcode 9.3";
			developmentRegion = en;
			hasScannedForEncodings = 0;
			knownRegions = (
				en,
				Base,
			);
			mainGroup = 5254C4702693492800218C77;
			packageReferences = (
				5254C49D269357C400218C77 /* XCRemoteSwiftPackageReference "Alamofire" */,
			);
			productRefGroup = 5254C47A2693492800218C77 /* Products */;
			projectDirPath = "";
			projectRoot = "";
			targets = (
				5254C4782693492800218C77 /* TheMovies */,
			);
		};
/* End PBXProject section */

/* Begin PBXResourcesBuildPhase section */
		5254C4772693492800218C77 /* Resources */ = {
			isa = PBXResourcesBuildPhase;
			buildActionMask = 2147483647;
			files = (
				5254C4842693492B00218C77 /* Preview Assets.xcassets in Resources */,
				5254C4812693492B00218C77 /* Assets.xcassets in Resources */,
			);
			runOnlyForDeploymentPostprocessing = 0;
		};
/* End PBXResourcesBuildPhase section */

/* Begin PBXSourcesBuildPhase section */
		5254C4752693492800218C77 /* Sources */ = {
			isa = PBXSourcesBuildPhase;
			buildActionMask = 2147483647;
			files = (
				5254C4A32693593200218C77 /* API.swift in Sources */,
				5254C49A269355BE00218C77 /* Cast.swift in Sources */,
				5254C4AD269360F200218C77 /* ImageCache.swift in Sources */,
				5254C4AB2693608700218C77 /* ImageLoader.swift in Sources */,
				5254C4982693539900218C77 /* Movie.swift in Sources */,
				5254C4A1269357DB00218C77 /* NetworkManager.swift in Sources */,
				5254C4AF2693647300218C77 /* EnvironmentValues+ImageCache.swift in Sources */,
				5254C49C269356B000218C77 /* Review.swift in Sources */,
				5254C4A726935B4400218C77 /* MovieDownloadManager.swift in Sources */,
				5254C4A926935DBA00218C77 /* MovieReviewManager.swift in Sources */,
				5254C4B12693651600218C77 /* AsyncImage.swift in Sources */,
				5254C494269351A600218C77 /* MoviesView.swift in Sources */,
				5254C49026934B1900218C77 /* HomeTabView.swift in Sources */,
				5254C49226934E1A00218C77 /* SettingsView.swift in Sources */,
				5254C4B326936C4D00218C77 /* MovieCell.swift in Sources */,
				5254C4A52693596D00218C77 /* MovieURL.swift in Sources */,
				5254C47F2693492800218C77 /* ContentView.swift in Sources */,
				5254C47D2693492800218C77 /* TheMoviesApp.swift in Sources */,
				5254C496269351D000218C77 /* DiscoverView.swift in Sources */,
			);
			runOnlyForDeploymentPostprocessing = 0;
		};
/* End PBXSourcesBuildPhase section */

/* Begin XCBuildConfiguration section */
		5254C4862693492B00218C77 /* Debug */ = {
			isa = XCBuildConfiguration;
			buildSettings = {
				ALWAYS_SEARCH_USER_PATHS = NO;
				CLANG_ANALYZER_NONNULL = YES;
				CLANG_ANALYZER_NUMBER_OBJECT_CONVERSION = YES_AGGRESSIVE;
				CLANG_CXX_LANGUAGE_STANDARD = "gnu++14";
				CLANG_CXX_LIBRARY = "libc++";
				CLANG_ENABLE_MODULES = YES;
				CLANG_ENABLE_OBJC_ARC = YES;
				CLANG_ENABLE_OBJC_WEAK = YES;
				CLANG_WARN_BLOCK_CAPTURE_AUTORELEASING = YES;
				CLANG_WARN_BOOL_CONVERSION = YES;
				CLANG_WARN_COMMA = YES;
				CLANG_WARN_CONSTANT_CONVERSION = YES;
				CLANG_WARN_DEPRECATED_OBJC_IMPLEMENTATIONS = YES;
				CLANG_WARN_DIRECT_OBJC_ISA_USAGE = YES_ERROR;
				CLANG_WARN_DOCUMENTATION_COMMENTS = YES;
				CLANG_WARN_EMPTY_BODY = YES;
				CLANG_WARN_ENUM_CONVERSION = YES;
				CLANG_WARN_INFINITE_RECURSION = YES;
				CLANG_WARN_INT_CONVERSION = YES;
				CLANG_WARN_NON_LITERAL_NULL_CONVERSION = YES;
				CLANG_WARN_OBJC_IMPLICIT_RETAIN_SELF = YES;
				CLANG_WARN_OBJC_LITERAL_CONVERSION = YES;
				CLANG_WARN_OBJC_ROOT_CLASS = YES_ERROR;
				CLANG_WARN_QUOTED_INCLUDE_IN_FRAMEWORK_HEADER = YES;
				CLANG_WARN_RANGE_LOOP_ANALYSIS = YES;
				CLANG_WARN_STRICT_PROTOTYPES = YES;
				CLANG_WARN_SUSPICIOUS_MOVE = YES;
				CLANG_WARN_UNGUARDED_AVAILABILITY = YES_AGGRESSIVE;
				CLANG_WARN_UNREACHABLE_CODE = YES;
				CLANG_WARN__DUPLICATE_METHOD_MATCH = YES;
				COPY_PHASE_STRIP = NO;
				DEBUG_INFORMATION_FORMAT = dwarf;
				ENABLE_STRICT_OBJC_MSGSEND = YES;
				ENABLE_TESTABILITY = YES;
				GCC_C_LANGUAGE_STANDARD = gnu11;
				GCC_DYNAMIC_NO_PIC = NO;
				GCC_NO_COMMON_BLOCKS = YES;
				GCC_OPTIMIZATION_LEVEL = 0;
				GCC_PREPROCESSOR_DEFINITIONS = (
					"DEBUG=1",
					"$(inherited)",
				);
				GCC_WARN_64_TO_32_BIT_CONVERSION = YES;
				GCC_WARN_ABOUT_RETURN_TYPE = YES_ERROR;
				GCC_WARN_UNDECLARED_SELECTOR = YES;
				GCC_WARN_UNINITIALIZED_AUTOS = YES_AGGRESSIVE;
				GCC_WARN_UNUSED_FUNCTION = YES;
				GCC_WARN_UNUSED_VARIABLE = YES;
				IPHONEOS_DEPLOYMENT_TARGET = 14.5;
				MTL_ENABLE_DEBUG_INFO = INCLUDE_SOURCE;
				MTL_FAST_MATH = YES;
				ONLY_ACTIVE_ARCH = YES;
				SDKROOT = iphoneos;
				SWIFT_ACTIVE_COMPILATION_CONDITIONS = DEBUG;
				SWIFT_OPTIMIZATION_LEVEL = "-Onone";
			};
			name = Debug;
		};
		5254C4872693492B00218C77 /* Release */ = {
			isa = XCBuildConfiguration;
			buildSettings = {
				ALWAYS_SEARCH_USER_PATHS = NO;
				CLANG_ANALYZER_NONNULL = YES;
				CLANG_ANALYZER_NUMBER_OBJECT_CONVERSION = YES_AGGRESSIVE;
				CLANG_CXX_LANGUAGE_STANDARD = "gnu++14";
				CLANG_CXX_LIBRARY = "libc++";
				CLANG_ENABLE_MODULES = YES;
				CLANG_ENABLE_OBJC_ARC = YES;
				CLANG_ENABLE_OBJC_WEAK = YES;
				CLANG_WARN_BLOCK_CAPTURE_AUTORELEASING = YES;
				CLANG_WARN_BOOL_CONVERSION = YES;
				CLANG_WARN_COMMA = YES;
				CLANG_WARN_CONSTANT_CONVERSION = YES;
				CLANG_WARN_DEPRECATED_OBJC_IMPLEMENTATIONS = YES;
				CLANG_WARN_DIRECT_OBJC_ISA_USAGE = YES_ERROR;
				CLANG_WARN_DOCUMENTATION_COMMENTS = YES;
				CLANG_WARN_EMPTY_BODY = YES;
				CLANG_WARN_ENUM_CONVERSION = YES;
				CLANG_WARN_INFINITE_RECURSION = YES;
				CLANG_WARN_INT_CONVERSION = YES;
				CLANG_WARN_NON_LITERAL_NULL_CONVERSION = YES;
				CLANG_WARN_OBJC_IMPLICIT_RETAIN_SELF = YES;
				CLANG_WARN_OBJC_LITERAL_CONVERSION = YES;
				CLANG_WARN_OBJC_ROOT_CLASS = YES_ERROR;
				CLANG_WARN_QUOTED_INCLUDE_IN_FRAMEWORK_HEADER = YES;
				CLANG_WARN_RANGE_LOOP_ANALYSIS = YES;
				CLANG_WARN_STRICT_PROTOTYPES = YES;
				CLANG_WARN_SUSPICIOUS_MOVE = YES;
				CLANG_WARN_UNGUARDED_AVAILABILITY = YES_AGGRESSIVE;
				CLANG_WARN_UNREACHABLE_CODE = YES;
				CLANG_WARN__DUPLICATE_METHOD_MATCH = YES;
				COPY_PHASE_STRIP = NO;
				DEBUG_INFORMATION_FORMAT = "dwarf-with-dsym";
				ENABLE_NS_ASSERTIONS = NO;
				ENABLE_STRICT_OBJC_MSGSEND = YES;
				GCC_C_LANGUAGE_STANDARD = gnu11;
				GCC_NO_COMMON_BLOCKS = YES;
				GCC_WARN_64_TO_32_BIT_CONVERSION = YES;
				GCC_WARN_ABOUT_RETURN_TYPE = YES_ERROR;
				GCC_WARN_UNDECLARED_SELECTOR = YES;
				GCC_WARN_UNINITIALIZED_AUTOS = YES_AGGRESSIVE;
				GCC_WARN_UNUSED_FUNCTION = YES;
				GCC_WARN_UNUSED_VARIABLE = YES;
				IPHONEOS_DEPLOYMENT_TARGET = 14.5;
				MTL_ENABLE_DEBUG_INFO = NO;
				MTL_FAST_MATH = YES;
				SDKROOT = iphoneos;
				SWIFT_COMPILATION_MODE = wholemodule;
				SWIFT_OPTIMIZATION_LEVEL = "-O";
				VALIDATE_PRODUCT = YES;
			};
			name = Release;
		};
		5254C4892693492B00218C77 /* Debug */ = {
			isa = XCBuildConfiguration;
			buildSettings = {
				ASSETCATALOG_COMPILER_APPICON_NAME = AppIcon;
				ASSETCATALOG_COMPILER_GLOBAL_ACCENT_COLOR_NAME = AccentColor;
				CODE_SIGN_STYLE = Automatic;
				DEVELOPMENT_ASSET_PATHS = "\"TheMovies/Preview Content\"";
				ENABLE_PREVIEWS = YES;
				INFOPLIST_FILE = TheMovies/Info.plist;
				IPHONEOS_DEPLOYMENT_TARGET = 14.0;
				LD_RUNPATH_SEARCH_PATHS = (
					"$(inherited)",
					"@executable_path/Frameworks",
				);
				PRODUCT_BUNDLE_IDENTIFIER = com.ronaldsg.TheMovies;
				PRODUCT_NAME = "$(TARGET_NAME)";
				SWIFT_VERSION = 5.0;
				TARGETED_DEVICE_FAMILY = "1,2";
			};
			name = Debug;
		};
		5254C48A2693492B00218C77 /* Release */ = {
			isa = XCBuildConfiguration;
			buildSettings = {
				ASSETCATALOG_COMPILER_APPICON_NAME = AppIcon;
				ASSETCATALOG_COMPILER_GLOBAL_ACCENT_COLOR_NAME = AccentColor;
				CODE_SIGN_STYLE = Automatic;
				DEVELOPMENT_ASSET_PATHS = "\"TheMovies/Preview Content\"";
				ENABLE_PREVIEWS = YES;
				INFOPLIST_FILE = TheMovies/Info.plist;
				IPHONEOS_DEPLOYMENT_TARGET = 14.0;
				LD_RUNPATH_SEARCH_PATHS = (
					"$(inherited)",
					"@executable_path/Frameworks",
				);
				PRODUCT_BUNDLE_IDENTIFIER = com.ronaldsg.TheMovies;
				PRODUCT_NAME = "$(TARGET_NAME)";
				SWIFT_VERSION = 5.0;
				TARGETED_DEVICE_FAMILY = "1,2";
			};
			name = Release;
		};
/* End XCBuildConfiguration section */

/* Begin XCConfigurationList section */
		5254C4742693492800218C77 /* Build configuration list for PBXProject "TheMovies" */ = {
			isa = XCConfigurationList;
			buildConfigurations = (
				5254C4862693492B00218C77 /* Debug */,
				5254C4872693492B00218C77 /* Release */,
			);
			defaultConfigurationIsVisible = 0;
			defaultConfigurationName = Release;
		};
		5254C4882693492B00218C77 /* Build configuration list for PBXNativeTarget "TheMovies" */ = {
			isa = XCConfigurationList;
			buildConfigurations = (
				5254C4892693492B00218C77 /* Debug */,
				5254C48A2693492B00218C77 /* Release */,
			);
			defaultConfigurationIsVisible = 0;
			defaultConfigurationName = Release;
		};
/* End XCConfigurationList section */

/* Begin XCRemoteSwiftPackageReference section */
		5254C49D269357C400218C77 /* XCRemoteSwiftPackageReference "Alamofire" */ = {
			isa = XCRemoteSwiftPackageReference;
			repositoryURL = "https://github.com/Alamofire/Alamofire.git";
			requirement = {
				kind = upToNextMajorVersion;
				minimumVersion = 5.4.3;
			};
		};
/* End XCRemoteSwiftPackageReference section */

/* Begin XCSwiftPackageProductDependency section */
		5254C49E269357C400218C77 /* Alamofire */ = {
			isa = XCSwiftPackageProductDependency;
			package = 5254C49D269357C400218C77 /* XCRemoteSwiftPackageReference "Alamofire" */;
			productName = Alamofire;
		};
/* End XCSwiftPackageProductDependency section */
	};
	rootObject = 5254C4712693492800218C77 /* Project object */;
}
